{
  "name": "APIs",
  "version": "1.0.0",
  "lockfileVersion": 1,
  "requires": true,
  "dependencies": {
    "axios": {
      "version": "0.21.1",
      "resolved": "https://registry.npmjs.org/axios/-/axios-0.21.1.tgz",
      "integrity": "sha512-dKQiRHxGD9PPRIUNIWvZhPTPpl1rf/OxTYKsqKUDjBwYylTvV7SjSHJb9ratfyzM6wCdLCOYLzs73qpg5c4iGA==",
      "requires": {
        "follow-redirects": "^1.10.0"
      }
    },
    "follow-redirects": {
      "version": "1.13.1",
      "resolved": "https://registry.npmjs.org/follow-redirects/-/follow-redirects-1.13.1.tgz",
      "integrity": "sha512-SSG5xmZh1mkPGyKzjZP8zLjltIfpW32Y5QpdNJyjcfGxK3qo3NDDkZOZSFiGn1A6SclQxY9GzEwAHQ3dmYRWpg=="
    },
    "node-fetch": {
      "version": "2.5.0",
      "resolved": "https://registry.npmjs.org/node-fetch/-/node-fetch-2.5.0.tgz",
      "integrity": "sha512-YuZKluhWGJwCcUu4RlZstdAxr8bFfOVHakc1mplwHkk8J+tqM1Y5yraYvIUpeX8aY7+crCwiELJq7Vl0o0LWXw=="
    },
    "rxjs": {
      "version": "6.5.1",
      "resolved": "https://registry.npmjs.org/rxjs/-/rxjs-6.5.1.tgz",
      "integrity": "sha512-y0j31WJc83wPu31vS1VlAFW5JGrnGC+j+TtGAa1fRQphy48+fDYiDmX8tjGloToEsMkxnouOg/1IzXGKkJnZMg==",
      "requires": {
        "tslib": "^1.9.0"
      }
    },
    "tslib": {
      "version": "1.9.3",
      "resolved": "https://registry.npmjs.org/tslib/-/tslib-1.9.3.tgz",
      "integrity": "sha512-4krF8scpejhaOgqzBEcGM7yDIEfi0/8+8zDRZhNZZ2kjmHJ4hv3zCbQWxoJGz1iw5U0Jl0nma13xzHXcncMavQ=="
    }
  }
}
